PackratFormat: 1.4
PackratVersion: 0.5.0
RVersion: 3.6.2
Repos: CRAN=https://cran.rstudio.com/

Package: BH
Source: CRAN
Version: 1.72.0-3
Hash: fc53be86f0b712d3de03fef95893d710

Package: DBI
Source: CRAN
Version: 1.1.0
Hash: d1075050684753e939c45775617c8f38

Package: DT
Source: CRAN
Version: 0.12
Hash: 9f631a094daa8873d49a9ac2a7209a89
Requires: jsonlite, magrittr, htmltools, htmlwidgets, promises,
    crosstalk

Package: R6
Source: CRAN
Version: 2.4.1
Hash: b488861d8c3dfac497e041ec911df9fb

Package: RColorBrewer
Source: CRAN
Version: 1.1-2
Hash: c0d56cd15034f395874c870141870c25

Package: RSpectra
Source: CRAN
Version: 0.16-0
Hash: 6ffd3885ca2526e67ab54234867b5120
Requires: Rcpp, RcppEigen

Package: Rcpp
Source: CRAN
Version: 1.0.3
Hash: 99f6a1855b2f9434e1399d565d2ed9df

Package: RcppAlgos
Source: CRAN
Version: 2.3.6
Hash: fb23146072d3ce6935d911d9f4adecfc
Requires: Rcpp, RcppThread, gmp

Package: RcppArmadillo
Source: CRAN
Version: 0.9.850.1.0
Hash: 0437ee3a3c83178583525e73986c827e
Requires: Rcpp

Package: RcppEigen
Source: CRAN
Version: 0.3.3.7.0
Hash: 51d5477069dbb800ff89686c6bdd69fc
Requires: Rcpp

Package: RcppParallel
Source: CRAN
Version: 5.0.0
Hash: a7b555b4e1e5bee59bac661aca7887b0

Package: RcppThread
Source: CRAN
Version: 0.5.4
Hash: e447c8362fe9921c64fedf40a67b56c6

Package: RhpcBLASctl
Source: CRAN
Version: 0.20-17
Hash: b88ca4a64e0db64b0c41786ce4a1da8d

Package: askpass
Source: CRAN
Version: 1.1
Hash: 6f6c430e3cd0dd7d48f447700f4d7e7f
Requires: sys

Package: assertthat
Source: CRAN
Version: 0.2.1
Hash: 622be49032fe50bd42e96aaef613e209

Package: backports
Source: CRAN
Version: 1.1.5
Hash: 35ad64fcf2063e2a52031b0f1a59d8f0

Package: bigassertr
Source: CRAN
Version: 0.1.2
Hash: 6ae7af3b39f4160bd098fddad68bf9e2

Package: bigparallelr
Source: CRAN
Version: 0.2.3
Hash: 887ff8a3e3ec0d61fd4d844556199aad
Requires: RhpcBLASctl, bigassertr, flock, foreach, doParallel

Package: bigreadr
Source: CRAN
Version: 0.2.0
Hash: b9918b75fecda28e1e618a6f5120c099
Requires: Rcpp, bigassertr, data.table

Package: bigstatsr
Source: CRAN
Version: 1.1.4
Hash: 0054ab5ef46900889c484ca754a6b720
Requires: Rcpp, bigassertr, rmio, RcppArmadillo, bigreadr, foreach,
    RSpectra, bigparallelr, tibble, ggplot2, cowplot

Package: brew
Source: CRAN
Version: 1.0-6
Hash: 931f9972deae0f205e1c78a51f33149b

Package: callr
Source: CRAN
Version: 3.4.2
Hash: 5ead8c9d3ad6863bd4a8aca78ce3386c
Requires: R6, processx

Package: classInt
Source: CRAN
Version: 0.4-2
Hash: fd0fe93c1798f5b2eca9a38448c06f98
Requires: e1071

Package: cli
Source: CRAN
Version: 2.0.1
Hash: 8e710a5f3177f1db9c6138e1dcbdfc30
Requires: assertthat, crayon, fansi, glue

Package: clipr
Source: CRAN
Version: 0.7.0
Hash: 30cdec6c8cc62c80c485e6bdd0c02b05

Package: clisymbols
Source: CRAN
Version: 1.2.0
Hash: a76a309884277a4fd8a5d741965fbef5

Package: colorspace
Source: CRAN
Version: 1.4-1
Hash: 60a56e9998b8b58ee378db3dc91b27a5

Package: commonmark
Source: CRAN
Version: 1.7
Hash: 77f4ba718e2bad1877ef26e48cf8fa43

Package: covr
Source: CRAN
Version: 3.4.0
Hash: 73e128a954d3aaeac8d088dab50975d9
Requires: crayon, digest, jsonlite, withr, yaml, rex, httr

Package: cowplot
Source: CRAN
Version: 1.0.0
Hash: 70e09cab441d1307901bb1f60cb61d8d
Requires: gtable, rlang, scales, ggplot2

Package: crayon
Source: CRAN
Version: 1.3.4
Hash: ff2840dd9b0d563fc80377a5a45510cd

Package: crosstalk
Source: CRAN
Version: 1.0.0
Hash: c13adea5906fbe2becfcb5f843b26749
Requires: R6, jsonlite, lazyeval, htmltools, shiny, ggplot2

Package: curl
Source: CRAN
Version: 4.3
Hash: 3916ae5637dbaf5996dbde80ea92a047

Package: data.table
Source: CRAN
Version: 1.12.8
Hash: 283ad0e503ab521300c6d1d02e58d2ae

Package: desc
Source: CRAN
Version: 1.2.0
Hash: a0a3ca939997679a52816bae4ed6aaae
Requires: R6, assertthat, crayon, rprojroot

Package: devtools
Source: CRAN
Version: 2.2.2
Hash: ded7a45cb0c886ff1301dc7a522209f0
Requires: crayon, digest, git2r, glue, jsonlite, remotes, rlang,
    rstudioapi, withr, memoise, cli, ellipsis, rversions, desc,
    sessioninfo, callr, pkgbuild, httr, pkgload, rcmdcheck, covr,
    roxygen2, testthat, usethis, DT

Package: digest
Source: CRAN
Version: 0.6.25
Hash: ec0a673866797c8c1fc1daa359fb4cad

Package: doParallel
Source: CRAN
Version: 1.0.15
Hash: 2d8e07c1201447e22a46552ed6664f08
Requires: iterators, foreach

Package: dplyr
Source: CRAN
Version: 0.8.4
Hash: 6eb8a87e89aa8e31d39c3a028d42fe7f
Requires: BH, R6, Rcpp, assertthat, glue, magrittr, pkgconfig, plogr,
    rlang, ellipsis, tidyselect, tibble

Package: e1071
Source: CRAN
Version: 1.7-3
Hash: f851e9de06edec144aa7d996bbf32538

Package: ellipsis
Source: CRAN
Version: 0.3.0
Hash: 30b58109e4d7c6184a9c2e32f9ae38c6
Requires: rlang

Package: evaluate
Source: CRAN
Version: 0.14
Hash: 18306cc3bc1aec7b7360eea8a0eb0ee1

Package: fansi
Source: CRAN
Version: 0.4.1
Hash: fc0a252b8e427847d13e89f56ab4665e

Package: farver
Source: CRAN
Version: 2.0.3
Hash: 29a358c21cb8de2e424cbec6b6be6553

Package: fastmap
Source: CRAN
Version: 1.0.1
Hash: d272cd728e4095b3964181b44763f46c

Package: flock
Source: CRAN
Version: 0.7
Hash: 53c561648e497f3bfe5b4e125065652f
Requires: Rcpp

Package: foreach
Source: CRAN
Version: 1.4.8
Hash: fab559fa67da5633df0782c5e7d4c515
Requires: iterators

Package: fs
Source: CRAN
Version: 1.3.1
Hash: 11d1e11317360bc03002aa5575d792a3
Requires: Rcpp

Package: fst
Source: CRAN
Version: 0.9.0
Hash: 39f0e34ed73c9f03da92543efe233328
Requires: Rcpp

Package: ggplot2
Source: CRAN
Version: 3.2.1
Hash: 7cf3f9df0089475f133ec23befca1032
Requires: digest, gtable, lazyeval, rlang, viridisLite, withr, scales,
    reshape2, tibble

Package: gh
Source: CRAN
Version: 1.1.0
Hash: efbe85b24e36b328003fd33772a8931b
Requires: ini, jsonlite, cli, httr

Package: git2r
Source: CRAN
Version: 0.26.1
Hash: 744a0a12d9f4ac186b222f6795fab4fe

Package: glue
Source: CRAN
Version: 1.3.1
Hash: 660bbbe3803c7cf7c9489a7d99a9c0ed

Package: gmp
Source: CRAN
Version: 0.5-13.6
Hash: eac317160f9ceec31a72fa49ba42956b

Package: gtable
Source: CRAN
Version: 0.3.0
Hash: a9e7b0666eb933a0cb36779240b4462e

Package: htmltools
Source: CRAN
Version: 0.4.0
Hash: ede066c0aec518db9acda803c6b94503
Requires: Rcpp, digest, rlang

Package: htmlwidgets
Source: CRAN
Version: 1.5.1
Hash: 20e5cc02b795afc7322836c947b5aab2
Requires: jsonlite, yaml, htmltools

Package: httpuv
Source: CRAN
Version: 1.5.2
Hash: 2289547bb56449fe96520a8cc62d3a95
Requires: BH, R6, Rcpp, later, promises

Package: httr
Source: CRAN
Version: 1.4.1
Hash: cc16de93eaabd3c6d0785cb8e6d059ab
Requires: R6, curl, jsonlite, mime, openssl

Package: igraph
Source: CRAN
Version: 1.2.4.2
Hash: 13fd902945ea53bda3f78d1b6c619bf6
Requires: magrittr, pkgconfig

Package: ini
Source: CRAN
Version: 0.3.1
Hash: 9d6de5178c1cedabfb24e7d2acc9a092

Package: iterators
Source: CRAN
Version: 1.0.12
Hash: f0b9003c5ffc99a96b9f21079c1715a5

Package: jsonlite
Source: CRAN
Version: 1.6.1
Hash: bfde5e6072ca0f5226f49e457a9ba62d

Package: labeling
Source: CRAN
Version: 0.3
Hash: ecf589b42cd284b03a4beb9665482d3e

Package: later
Source: CRAN
Version: 1.0.0
Hash: a63bf8555c73402bb1504da55a15c930
Requires: BH, Rcpp, rlang

Package: lazyeval
Source: CRAN
Version: 0.2.2
Hash: 563563691bea3cde6945a98996d7c166

Package: lifecycle
Source: CRAN
Version: 0.1.0
Hash: fd2ceffa778c010fab2df12b2eccd835
Requires: glue, rlang

Package: magrittr
Source: CRAN
Version: 1.5
Hash: bdc4d48c3135e8f3b399536ddf160df4

Package: memoise
Source: CRAN
Version: 1.1.0
Hash: 410fcd334bc626db100237cc1370f2e9
Requires: digest

Package: microbenchmark
Source: CRAN
Version: 1.4-7
Hash: 878665f57841fc12cc9057c2ca8a2433

Package: mime
Source: CRAN
Version: 0.9
Hash: f3388735b4ddea072aff3be44f7f4968

Package: munsell
Source: CRAN
Version: 0.5.0
Hash: 38d0efee9bb99bef143bde41c4ce715c
Requires: colorspace

Package: openssl
Source: CRAN
Version: 1.4.1
Hash: b01fe6ae05ec2a30a777dc338af5bf69
Requires: askpass

Package: packrat
Source: CRAN
Version: 0.5.0
Hash: 498643e765d1442ba7b1160a1df3abf9

Package: pillar
Source: CRAN
Version: 1.4.3
Hash: 64ebcd61a33f2bd9059ffa8a323fd620
Requires: crayon, fansi, rlang, utf8, cli, vctrs

Package: pkgbuild
Source: CRAN
Version: 1.0.6
Hash: f41de345bf0dda984cce64a7ea668ea4
Requires: R6, crayon, prettyunits, withr, rprojroot, cli, desc, callr

Package: pkgconfig
Source: CRAN
Version: 2.0.3
Hash: 5ff5f2361851a49534c96caa2a8071c7

Package: pkgload
Source: CRAN
Version: 1.0.2
Hash: 41eb2db35be61f6f9e8864cf87a1ecb0
Requires: rlang, rstudioapi, withr, rprojroot, desc, pkgbuild

Package: plogr
Source: CRAN
Version: 0.2.0
Hash: 81a8008a5e7858552503935f1abe48aa

Package: plyr
Source: CRAN
Version: 1.8.5
Hash: b40b6a12b97e854607af0f3bd4cce26b
Requires: Rcpp

Package: praise
Source: CRAN
Version: 1.0.0
Hash: 77da8f1df873a4b91e5c4a68fe2fb1b6

Package: prettyunits
Source: CRAN
Version: 1.1.1
Hash: 20669cd8bb8b3207f6371edf8cf510af

Package: processx
Source: CRAN
Version: 3.4.2
Hash: e1671b1ca2f6c66f29ffb2828e98dc02
Requires: R6, ps

Package: promises
Source: CRAN
Version: 1.1.0
Hash: 8880b05e820a206470bcae597312329a
Requires: R6, Rcpp, magrittr, rlang, later

Package: ps
Source: CRAN
Version: 1.3.2
Hash: 6e8ed574a4550ce4f72cdafa9227152b

Package: purrr
Source: CRAN
Version: 0.3.3
Hash: d4f497f8a97ef6c7182a87b2476748d1
Requires: magrittr, rlang

Package: rPref
Source: CRAN
Version: 1.3
Hash: 7dee5b416fde0f3579ad054490b4fd48
Requires: Rcpp, RcppParallel, lazyeval, igraph, dplyr

Package: rcmdcheck
Source: CRAN
Version: 1.3.3
Hash: df2319559a8ed16e5b4d5f99de3e00a0
Requires: R6, crayon, digest, prettyunits, withr, rprojroot, cli, desc,
    sessioninfo, callr, xopen, pkgbuild

Package: remotes
Source: CRAN
Version: 2.1.1
Hash: f579422000bd71d35602184ad3e2c641

Package: reshape2
Source: CRAN
Version: 1.4.3
Hash: 07530ccc44ce1d2e5390d6ae41bafe03
Requires: Rcpp, plyr, stringr

Package: rex
Source: CRAN
Version: 1.1.2
Hash: 57541aaae58f1a284a398f5c62c95097
Requires: lazyeval, magrittr

Package: rlang
Source: CRAN
Version: 0.4.4
Hash: 4b627f82e4297bd5bf82a5cb065bbe4a

Package: rmio
Source: CRAN
Version: 0.1.3
Hash: b4f479c9bb8a29b73c3a799a3d812554

Package: roxygen2
Source: CRAN
Version: 7.0.2
Hash: 51e5c0b1d575eea00127409de59c00a9
Requires: R6, Rcpp, brew, commonmark, digest, rlang, stringi, xml2,
    purrr, stringr, desc, pkgload

Package: rprojroot
Source: CRAN
Version: 1.3-2
Hash: a25c3f70c166fb3fbabc410eb32b6366
Requires: backports

Package: rstudioapi
Source: CRAN
Version: 0.11
Hash: f8674fe40760ccfc1bf3e92da4c9f4d0

Package: rversions
Source: CRAN
Version: 2.0.1
Hash: d2080f9ec93e7b4e3729c195ef1f9908
Requires: curl, xml2

Package: scales
Source: CRAN
Version: 1.1.0
Hash: fa53af4e3ceba05fc79a31bde5962445
Requires: R6, RColorBrewer, farver, labeling, viridisLite, munsell,
    lifecycle

Package: sessioninfo
Source: CRAN
Version: 1.1.1
Hash: 9e50c8458e611f166ba702277cbb5096
Requires: withr, cli

Package: sf
Source: CRAN
Version: 0.8-1
Hash: 0b115e10026f562eb906b67fcf0d3b8c
Requires: DBI, Rcpp, magrittr, units, classInt

Package: shiny
Source: CRAN
Version: 1.4.0
Hash: 7a1d8725849ecb792b4df2c084769c23
Requires: R6, crayon, digest, fastmap, jsonlite, mime, rlang,
    sourcetools, xtable, htmltools, later, promises, httpuv

Package: sourcetools
Source: CRAN
Version: 0.1.7
Hash: d093478ac90064e670cd4bf1a99b47b6

Package: stringi
Source: CRAN
Version: 1.4.6
Hash: 076b0f115b37ca6d551ccff96b91114e

Package: stringr
Source: CRAN
Version: 1.4.0
Hash: 67da32dbb2a7a16f2ef124336358e54a
Requires: glue, magrittr, stringi

Package: sys
Source: CRAN
Version: 3.3
Hash: d5a4afad9298f42aae77f6389713a066

Package: testthat
Source: CRAN
Version: 2.3.1
Hash: 08a7645752835e2708c9bdf681409532
Requires: R6, crayon, digest, evaluate, magrittr, praise, rlang, withr,
    cli, ellipsis, pkgload

Package: tibble
Source: CRAN
Version: 2.1.3
Hash: f59680d81ddc45fa3fcb8c07686d1d89
Requires: crayon, fansi, pkgconfig, rlang, cli, pillar

Package: tictoc
Source: CRAN
Version: 1.0
Hash: 0379257b730eed5b9089765c2921a098

Package: tidyselect
Source: CRAN
Version: 1.0.0
Hash: 0ba21f624978533adf670338aa3f86b4
Requires: glue, rlang, ellipsis, purrr, vctrs

Package: units
Source: CRAN
Version: 0.6-5
Hash: 69664c9b67a57301798f3b79a3cb3863
Requires: Rcpp

Package: usethis
Source: CRAN
Version: 1.5.1
Hash: 1a3f09efcce670dc6a5562cfd3c71d66
Requires: clipr, clisymbols, crayon, curl, git2r, glue, rlang,
    rstudioapi, whisker, withr, yaml, fs, rprojroot, purrr, desc, gh

Package: utf8
Source: CRAN
Version: 1.1.4
Hash: f3f97ce59092abc8ed3fd098a59e236c

Package: vctrs
Source: CRAN
Version: 0.2.3
Hash: a3833ff38254ad6ccc66e8406ccd75c3
Requires: digest, glue, rlang, ellipsis

Package: viridisLite
Source: CRAN
Version: 0.3.0
Hash: 78bb072c4f9e729a283d4c40ec93f9c6

Package: whisker
Source: CRAN
Version: 0.4
Hash: 5b1ec05cd96c1e0c6048bab49abee3aa

Package: withr
Source: CRAN
Version: 2.1.2
Hash: d534108bcd5f34ec73e9eb523751ba20

Package: xml2
Source: CRAN
Version: 1.2.2
Hash: c5ae4169830ed140e94045e1b7934267
Requires: Rcpp

Package: xopen
Source: CRAN
Version: 1.0.0
Hash: 22c2708f177f9fd9f8a52012bac61d6a
Requires: processx

Package: xtable
Source: CRAN
Version: 1.8-4
Hash: dc0d47261b678d26032363bebd050540

Package: yaml
Source: CRAN
Version: 2.2.1
Hash: 424bc11cc358f23187feaa7978628196
